
Microsoft Visual Studio Solution File, Format Version 12.00
# Visual Studio 15
VisualStudioVersion = 15.0.26403.7
MinimumVisualStudioVersion = 10.0.40219.1
Project("{2150E333-8FDC-42A3-9474-1A3956D46DE8}") = "Solution Items", "Solution Items", "{B7F84AD2-8C1D-4C55-915A-E1A6F2E478F1}"
	ProjectSection(SolutionItems) = preProject
		..\appveyor.yml = ..\appveyor.yml
		..\build.cake = ..\build.cake
		..\build.cmd = ..\build.cmd
		..\build.ps1 = ..\build.ps1
		..\README.md = ..\README.md
	EndProjectSection
EndProject
Project("{9A19103F-16F7-4668-BE54-9A1E7A4F7556}") = "DotNet.Glob.Tests", "DotNet.Glob.Tests\DotNet.Glob.Tests.csproj", "{D3B73528-6B21-472B-A680-905D2F477D72}"
EndProject
Project("{9A19103F-16F7-4668-BE54-9A1E7A4F7556}") = "DotNet.Glob.Benchmarks", "DotNet.Glob.Benchmarks\DotNet.Glob.Benchmarks.csproj", "{8F487A82-3788-43A3-BF3C-C690714B8FD7}"
EndProject
Project("{9A19103F-16F7-4668-BE54-9A1E7A4F7556}") = "DotNet.Glob", "DotNet.Glob\DotNet.Glob.csproj", "{2AB675C9-B305-4B41-AEAE-AAADEFE515C8}"
EndProject
Global
	GlobalSection(SolutionConfigurationPlatforms) = preSolution
		Debug|Any CPU = Debug|Any CPU
		Release|Any CPU = Release|Any CPU
	EndGlobalSection
	GlobalSection(ProjectConfigurationPlatforms) = postSolution
		{D3B73528-6B21-472B-A680-905D2F477D72}.Debug|Any CPU.ActiveCfg = Debug|Any CPU
		{D3B73528-6B21-472B-A680-905D2F477D72}.Debug|Any CPU.Build.0 = Debug|Any CPU
		{D3B73528-6B21-472B-A680-905D2F477D72}.Release|Any CPU.ActiveCfg = Release|Any CPU
		{D3B73528-6B21-472B-A680-905D2F477D72}.Release|Any CPU.Build.0 = Release|Any CPU
		{8F487A82-3788-43A3-BF3C-C690714B8FD7}.Debug|Any CPU.ActiveCfg = Debug|Any CPU
		{8F487A82-3788-43A3-BF3C-C690714B8FD7}.Debug|Any CPU.Build.0 = Debug|Any CPU
		{8F487A82-3788-43A3-BF3C-C690714B8FD7}.Release|Any CPU.ActiveCfg = Release|Any CPU
		{8F487A82-3788-43A3-BF3C-C690714B8FD7}.Release|Any CPU.Build.0 = Release|Any CPU
		{2AB675C9-B305-4B41-AEAE-AAADEFE515C8}.Debug|Any CPU.ActiveCfg = Debug|Any CPU
		{2AB675C9-B305-4B41-AEAE-AAADEFE515C8}.Debug|Any CPU.Build.0 = Debug|Any CPU
		{2AB675C9-B305-4B41-AEAE-AAADEFE515C8}.Release|Any CPU.ActiveCfg = Release|Any CPU
		{2AB675C9-B305-4B41-AEAE-AAADEFE515C8}.Release|Any CPU.Build.0 = Release|Any CPU
	EndGlobalSection
	GlobalSection(SolutionProperties) = preSolution
		HideSolutionNode = FALSE
	EndGlobalSection
EndGlobal
